
Microsoft Visual Studio Solution File, Format Version 12.00
# Visual Studio 2013
VisualStudioVersion = 12.0.21005.1
MinimumVisualStudioVersion = 10.0.40219.1
Project("{FAE04EC0-301F-11D3-BF4B-00C04F79EFBC}") = "Aug_15", "Aug_15\Aug_15.csproj", "{BB5B3FA6-7037-457C-98DF-D6FEDF5B1397}"
EndProject
Project("{FAE04EC0-301F-11D3-BF4B-00C04F79EFBC}") = "ProjectEulerProblem3", "ProjectEulerProblem3\ProjectEulerProblem3.csproj", "{A81F70B8-CBD6-4A92-93F7-B70F11363B53}"
EndProject
Project("{FAE04EC0-301F-11D3-BF4B-00C04F79EFBC}") = "ClassDemo1", "ClassDemo1\ClassDemo1.csproj", "{49D2EC32-EAC4-4DCF-B21C-583624BB3241}"
EndProject
Global
	GlobalSection(SolutionConfigurationPlatforms) = preSolution
		Debug|Any CPU = Debug|Any CPU
		Release|Any CPU = Release|Any CPU
	EndGlobalSection
	GlobalSection(ProjectConfigurationPlatforms) = postSolution
		{BB5B3FA6-7037-457C-98DF-D6FEDF5B1397}.Debug|Any CPU.ActiveCfg = Debug|Any CPU
		{BB5B3FA6-7037-457C-98DF-D6FEDF5B1397}.Debug|Any CPU.Build.0 = Debug|Any CPU
		{BB5B3FA6-7037-457C-98DF-D6FEDF5B1397}.Release|Any CPU.ActiveCfg = Release|Any CPU
		{BB5B3FA6-7037-457C-98DF-D6FEDF5B1397}.Release|Any CPU.Build.0 = Release|Any CPU
		{A81F70B8-CBD6-4A92-93F7-B70F11363B53}.Debug|Any CPU.ActiveCfg = Debug|Any CPU
		{A81F70B8-CBD6-4A92-93F7-B70F11363B53}.Debug|Any CPU.Build.0 = Debug|Any CPU
		{A81F70B8-CBD6-4A92-93F7-B70F11363B53}.Release|Any CPU.ActiveCfg = Release|Any CPU
		{A81F70B8-CBD6-4A92-93F7-B70F11363B53}.Release|Any CPU.Build.0 = Release|Any CPU
		{49D2EC32-EAC4-4DCF-B21C-583624BB3241}.Debug|Any CPU.ActiveCfg = Debug|Any CPU
		{49D2EC32-EAC4-4DCF-B21C-583624BB3241}.Debug|Any CPU.Build.0 = Debug|Any CPU
		{49D2EC32-EAC4-4DCF-B21C-583624BB3241}.Release|Any CPU.ActiveCfg = Release|Any CPU
		{49D2EC32-EAC4-4DCF-B21C-583624BB3241}.Release|Any CPU.Build.0 = Release|Any CPU
	EndGlobalSection
	GlobalSection(SolutionProperties) = preSolution
		HideSolutionNode = FALSE
	EndGlobalSection
EndGlobal
